
Microsoft Visual Studio Solution File, Format Version 12.00
# Visual Studio 15
VisualStudioVersion = 15.0.27703.2042
MinimumVisualStudioVersion = 10.0.40219.1
Project("{FAE04EC0-301F-11D3-BF4B-00C04F79EFBC}") = "FirstProjectWithMongoDB", "FirstProjectWithMongoDB\FirstProjectWithMongoDB.csproj", "{DD48F179-1850-455A-8405-D8D68C073ADB}"
EndProject
Global
	GlobalSection(SolutionConfigurationPlatforms) = preSolution
		Debug|Any CPU = Debug|Any CPU
		Release|Any CPU = Release|Any CPU
	EndGlobalSection
	GlobalSection(ProjectConfigurationPlatforms) = postSolution
		{DD48F179-1850-455A-8405-D8D68C073ADB}.Debug|Any CPU.ActiveCfg = Debug|Any CPU
		{DD48F179-1850-455A-8405-D8D68C073ADB}.Debug|Any CPU.Build.0 = Debug|Any CPU
		{DD48F179-1850-455A-8405-D8D68C073ADB}.Release|Any CPU.ActiveCfg = Release|Any CPU
		{DD48F179-1850-455A-8405-D8D68C073ADB}.Release|Any CPU.Build.0 = Release|Any CPU
	EndGlobalSection
	GlobalSection(SolutionProperties) = preSolution
		HideSolutionNode = FALSE
	EndGlobalSection
	GlobalSection(ExtensibilityGlobals) = postSolution
		SolutionGuid = {C3563B53-9460-4780-B648-27E1A0F845E9}
	EndGlobalSection
EndGlobal
